
Microsoft Visual Studio Solution File, Format Version 12.00
# Visual Studio 15
VisualStudioVersion = 15.0.27703.2042
MinimumVisualStudioVersion = 10.0.40219.1
Project("{FAE04EC0-301F-11D3-BF4B-00C04F79EFBC}") = "DevOpsMonitorApi", "DevOpsMonitorApi\DevOpsMonitorApi.csproj", "{73AD05B6-6BD9-4654-84C7-8268C59883C5}"
EndProject
Global
	GlobalSection(SolutionConfigurationPlatforms) = preSolution
		Debug|Any CPU = Debug|Any CPU
		Release|Any CPU = Release|Any CPU
	EndGlobalSection
	GlobalSection(ProjectConfigurationPlatforms) = postSolution
		{73AD05B6-6BD9-4654-84C7-8268C59883C5}.Debug|Any CPU.ActiveCfg = Debug|Any CPU
		{73AD05B6-6BD9-4654-84C7-8268C59883C5}.Debug|Any CPU.Build.0 = Debug|Any CPU
		{73AD05B6-6BD9-4654-84C7-8268C59883C5}.Release|Any CPU.ActiveCfg = Release|Any CPU
		{73AD05B6-6BD9-4654-84C7-8268C59883C5}.Release|Any CPU.Build.0 = Release|Any CPU
	EndGlobalSection
	GlobalSection(SolutionProperties) = preSolution
		HideSolutionNode = FALSE
	EndGlobalSection
	GlobalSection(ExtensibilityGlobals) = postSolution
		SolutionGuid = {3221BC2B-3931-464A-900A-4B9D595D707F}
	EndGlobalSection
EndGlobal
